
Microsoft Visual Studio Solution File, Format Version 12.00
# Visual Studio Version 16
VisualStudioVersion = 16.0.29519.181
MinimumVisualStudioVersion = 10.0.40219.1
Project("{9A19103F-16F7-4668-BE54-9A1E7A4F7556}") = "CodeLuau", "CodeLuau\CodeLuau.csproj", "{C2125C36-FBD2-44F3-92E2-E80380986431}"
EndProject
Project("{9A19103F-16F7-4668-BE54-9A1E7A4F7556}") = "CodeLuau.Tests", "CodeLuau.Tests\CodeLuau.Tests.csproj", "{F4B46ED4-417C-4790-BF61-45C675AC7252}"
EndProject
Global
	GlobalSection(SolutionConfigurationPlatforms) = preSolution
		Debug|Any CPU = Debug|Any CPU
		Release|Any CPU = Release|Any CPU
	EndGlobalSection
	GlobalSection(ProjectConfigurationPlatforms) = postSolution
		{C2125C36-FBD2-44F3-92E2-E80380986431}.Debug|Any CPU.ActiveCfg = Debug|Any CPU
		{C2125C36-FBD2-44F3-92E2-E80380986431}.Debug|Any CPU.Build.0 = Debug|Any CPU
		{C2125C36-FBD2-44F3-92E2-E80380986431}.Release|Any CPU.ActiveCfg = Release|Any CPU
		{C2125C36-FBD2-44F3-92E2-E80380986431}.Release|Any CPU.Build.0 = Release|Any CPU
		{F4B46ED4-417C-4790-BF61-45C675AC7252}.Debug|Any CPU.ActiveCfg = Debug|Any CPU
		{F4B46ED4-417C-4790-BF61-45C675AC7252}.Debug|Any CPU.Build.0 = Debug|Any CPU
		{F4B46ED4-417C-4790-BF61-45C675AC7252}.Release|Any CPU.ActiveCfg = Release|Any CPU
		{F4B46ED4-417C-4790-BF61-45C675AC7252}.Release|Any CPU.Build.0 = Release|Any CPU
	EndGlobalSection
	GlobalSection(SolutionProperties) = preSolution
		HideSolutionNode = FALSE
	EndGlobalSection
	GlobalSection(ExtensibilityGlobals) = postSolution
		SolutionGuid = {868A0A87-9D27-42EF-85CF-5791B7A6384E}
	EndGlobalSection
EndGlobal
